
Microsoft Visual Studio Solution File, Format Version 12.00
# Visual Studio Version 16
VisualStudioVersion = 16.0.32228.343
MinimumVisualStudioVersion = 10.0.40219.1
Project("{8BC9CEB8-8B4A-11D0-8D11-00A0C91BC942}") = "Practila11_№12", "Practila11_№12\Practila11_№12.vcxproj", "{43626247-C9F3-4ACC-939E-821CA83F18D0}"
EndProject
Global
	GlobalSection(SolutionConfigurationPlatforms) = preSolution
		Debug|x64 = Debug|x64
		Debug|x86 = Debug|x86
		Release|x64 = Release|x64
		Release|x86 = Release|x86
	EndGlobalSection
	GlobalSection(ProjectConfigurationPlatforms) = postSolution
		{43626247-C9F3-4ACC-939E-821CA83F18D0}.Debug|x64.ActiveCfg = Debug|x64
		{43626247-C9F3-4ACC-939E-821CA83F18D0}.Debug|x64.Build.0 = Debug|x64
		{43626247-C9F3-4ACC-939E-821CA83F18D0}.Debug|x86.ActiveCfg = Debug|Win32
		{43626247-C9F3-4ACC-939E-821CA83F18D0}.Debug|x86.Build.0 = Debug|Win32
		{43626247-C9F3-4ACC-939E-821CA83F18D0}.Release|x64.ActiveCfg = Release|x64
		{43626247-C9F3-4ACC-939E-821CA83F18D0}.Release|x64.Build.0 = Release|x64
		{43626247-C9F3-4ACC-939E-821CA83F18D0}.Release|x86.ActiveCfg = Release|Win32
		{43626247-C9F3-4ACC-939E-821CA83F18D0}.Release|x86.Build.0 = Release|Win32
	EndGlobalSection
	GlobalSection(SolutionProperties) = preSolution
		HideSolutionNode = FALSE
	EndGlobalSection
	GlobalSection(ExtensibilityGlobals) = postSolution
		SolutionGuid = {F97BC412-D183-424F-8F88-F216EED1DFBE}
	EndGlobalSection
EndGlobal
